#MicroXplorer Configuration settings - do not modify
DMA2D.ColorMode=DMA2D_OUTPUT_RGB565
DMA2D.IPParameters=Mode,ColorMode
DMA2D.Mode=DMA2D_M2M
FMC.CASLatency1=FMC_SDRAM_CAS_LATENCY_3
FMC.ExitSelfRefreshDelay1=7
FMC.IPParameters=CASLatency1,SDClockPeriod1,SDClockPeriod2,ReadPipeDelay1,ReadPipeDelay2,LoadToActiveDelay1,ExitSelfRefreshDelay1,SelfRefreshTime1,RowCycleDelay1,RowCycleDelay2,WriteRecoveryTime1,RPDelay1,RPDelay2,RCDDelay1
FMC.LoadToActiveDelay1=2
FMC.RCDDelay1=2
FMC.RPDelay1=2
FMC.RPDelay2=2
FMC.ReadPipeDelay1=FMC_SDRAM_RPIPE_DELAY_1
FMC.ReadPipeDelay2=FMC_SDRAM_RPIPE_DELAY_1
FMC.RowCycleDelay1=7
FMC.RowCycleDelay2=7
FMC.SDClockPeriod1=FMC_SDRAM_CLOCK_PERIOD_2
FMC.SDClockPeriod2=FMC_SDRAM_CLOCK_PERIOD_2
FMC.SelfRefreshTime1=4
FMC.WriteRecoveryTime1=3
FREERTOS.FootprintOK=true
FREERTOS.IPParameters=Tasks01,FootprintOK,configMINIMAL_STACK_SIZE
FREERTOS.Tasks01=LVGLTask,24,2048,StartLVGLTask,Default,NULL,Dynamic,NULL,NULL;TimesTask,24,128,StartTimesTask,Default,NULL,Dynamic,NULL,NULL
FREERTOS.configMINIMAL_STACK_SIZE=128
File.Version=6
GPIO.groupedBy=Group By Peripherals
KeepUserPlacement=false
LTDC.ActiveW=800
LTDC.Alpha_L0=255
LTDC.DEPolarity=LTDC_DEPOLARITY_AL
LTDC.FBStartAdress_L0=LAYER0_ADDR
LTDC.HBP=46
LTDC.HFP=22
LTDC.HSPolarity=LTDC_HSPOLARITY_AL
LTDC.HSync=1
LTDC.IPParameters=HSync,HBP,ActiveW,HFP,VSync,VBP,VFP,WindowX1_L0,WindowY1_L0,Layers,FBStartAdress_L0,ImageWidth_L0,ImageHeight_L0,Alpha_L0,PixelFormat_L0,HSPolarity,VSPolarity,DEPolarity,PCPolarity
LTDC.ImageHeight_L0=LCD_HEIGHT
LTDC.ImageWidth_L0=LCD_WIDTH
LTDC.Layers=0
LTDC.PCPolarity=LTDC_PCPOLARITY_IPC
LTDC.PixelFormat_L0=LTDC_PIXEL_FORMAT_RGB565
LTDC.VBP=23
LTDC.VFP=22
LTDC.VSPolarity=LTDC_VSPOLARITY_AL
LTDC.VSync=1
LTDC.WindowX1_L0=800
LTDC.WindowY1_L0=480
Mcu.Family=STM32F4
Mcu.IP0=DMA2D
Mcu.IP1=FMC
Mcu.IP2=FREERTOS
Mcu.IP3=LTDC
Mcu.IP4=NVIC
Mcu.IP5=RCC
Mcu.IP6=SYS
Mcu.IP7=USART1
Mcu.IPNb=8
Mcu.Name=STM32F429I(E-G)Tx
Mcu.Package=LQFP176
Mcu.Pin0=PE4
Mcu.Pin1=PE5
Mcu.Pin10=PF3
Mcu.Pin11=PF4
Mcu.Pin12=PF5
Mcu.Pin13=PF10
Mcu.Pin14=PH0/OSC_IN
Mcu.Pin15=PH1/OSC_OUT
Mcu.Pin16=PC0
Mcu.Pin17=PH2
Mcu.Pin18=PH3
Mcu.Pin19=PA3
Mcu.Pin2=PE6
Mcu.Pin20=PA6
Mcu.Pin21=PB0
Mcu.Pin22=PB1
Mcu.Pin23=PF11
Mcu.Pin24=PF12
Mcu.Pin25=PF13
Mcu.Pin26=PF14
Mcu.Pin27=PF15
Mcu.Pin28=PG0
Mcu.Pin29=PG1
Mcu.Pin3=PC14/OSC32_IN
Mcu.Pin30=PE7
Mcu.Pin31=PE8
Mcu.Pin32=PE9
Mcu.Pin33=PE10
Mcu.Pin34=PE11
Mcu.Pin35=PE12
Mcu.Pin36=PE13
Mcu.Pin37=PE14
Mcu.Pin38=PE15
Mcu.Pin39=PB10
Mcu.Pin4=PC15/OSC32_OUT
Mcu.Pin40=PB11
Mcu.Pin41=PH6
Mcu.Pin42=PH7
Mcu.Pin43=PH8
Mcu.Pin44=PH10
Mcu.Pin45=PH11
Mcu.Pin46=PD8
Mcu.Pin47=PD9
Mcu.Pin48=PD10
Mcu.Pin49=PD14
Mcu.Pin5=PI9
Mcu.Pin50=PD15
Mcu.Pin51=PG2
Mcu.Pin52=PG4
Mcu.Pin53=PG5
Mcu.Pin54=PG6
Mcu.Pin55=PG7
Mcu.Pin56=PG8
Mcu.Pin57=PC7
Mcu.Pin58=PA9
Mcu.Pin59=PA10
Mcu.Pin6=PI10
Mcu.Pin60=PH14
Mcu.Pin61=PI2
Mcu.Pin62=PD0
Mcu.Pin63=PD1
Mcu.Pin64=PD6
Mcu.Pin65=PD7
Mcu.Pin66=PG11
Mcu.Pin67=PG12
Mcu.Pin68=PG15
Mcu.Pin69=PB8
Mcu.Pin7=PF0
Mcu.Pin70=PB9
Mcu.Pin71=PE0
Mcu.Pin72=PE1
Mcu.Pin73=PI4
Mcu.Pin74=VP_DMA2D_VS_DMA2D
Mcu.Pin75=VP_FREERTOS_VS_CMSIS_V2
Mcu.Pin76=VP_SYS_VS_tim2
Mcu.Pin8=PF1
Mcu.Pin9=PF2
Mcu.PinsNb=77
Mcu.ThirdPartyNb=0
Mcu.UserConstants=LAYER0_ADDR,0xD0000000;LCD_WIDTH,800;LCD_HEIGHT,480
Mcu.UserName=STM32F429IGTx
MxCube.Version=6.3.0
MxDb.Version=DB.6.0.30
NVIC.BusFault_IRQn=true\:0\:0\:false\:false\:true\:false\:false\:false
NVIC.DMA2D_IRQn=true\:5\:0\:false\:true\:true\:2\:true\:true\:true
NVIC.DebugMonitor_IRQn=true\:0\:0\:false\:false\:true\:false\:false\:false
NVIC.ForceEnableDMAVector=true
NVIC.HardFault_IRQn=true\:0\:0\:false\:false\:true\:false\:false\:false
NVIC.MemoryManagement_IRQn=true\:0\:0\:false\:false\:true\:false\:false\:false
NVIC.NonMaskableInt_IRQn=true\:0\:0\:false\:false\:true\:false\:false\:true
NVIC.PendSV_IRQn=true\:15\:0\:false\:false\:false\:true\:false\:false
NVIC.PriorityGroup=NVIC_PRIORITYGROUP_4
NVIC.SVCall_IRQn=true\:0\:0\:false\:false\:false\:false\:false\:false
NVIC.SavedPendsvIrqHandlerGenerated=true
NVIC.SavedSvcallIrqHandlerGenerated=true
NVIC.SavedSystickIrqHandlerGenerated=true
NVIC.SysTick_IRQn=true\:15\:0\:false\:false\:false\:true\:false\:true
NVIC.TIM2_IRQn=true\:0\:0\:false\:false\:true\:false\:false\:true
NVIC.TimeBase=TIM2_IRQn
NVIC.TimeBaseIP=TIM2
NVIC.USART1_IRQn=true\:5\:0\:false\:true\:true\:1\:true\:true\:true
NVIC.UsageFault_IRQn=true\:0\:0\:false\:false\:true\:false\:false\:false
PA10.Mode=Asynchronous
PA10.Signal=USART1_RX
PA3.GPIOParameters=GPIO_Speed
PA3.GPIO_Speed=GPIO_SPEED_FREQ_VERY_HIGH
PA3.Mode=RGB888
PA3.Signal=LTDC_B5
PA6.GPIOParameters=GPIO_Speed
PA6.GPIO_Speed=GPIO_SPEED_FREQ_VERY_HIGH
PA6.Mode=RGB888
PA6.Signal=LTDC_G2
PA9.Mode=Asynchronous
PA9.Signal=USART1_TX
PB0.GPIOParameters=GPIO_Speed
PB0.GPIO_Speed=GPIO_SPEED_FREQ_VERY_HIGH
PB0.Mode=RGB888
PB0.Signal=LTDC_R3
PB1.GPIOParameters=GPIO_Speed
PB1.GPIO_Speed=GPIO_SPEED_FREQ_VERY_HIGH
PB1.Mode=RGB888
PB1.Signal=LTDC_R6
PB10.GPIOParameters=GPIO_Speed
PB10.GPIO_Speed=GPIO_SPEED_FREQ_VERY_HIGH
PB10.Mode=RGB888
PB10.Signal=LTDC_G4
PB11.GPIOParameters=GPIO_Speed
PB11.GPIO_Speed=GPIO_SPEED_FREQ_VERY_HIGH
PB11.Mode=RGB888
PB11.Signal=LTDC_G5
PB8.GPIOParameters=GPIO_Speed
PB8.GPIO_Speed=GPIO_SPEED_FREQ_VERY_HIGH
PB8.Mode=RGB888
PB8.Signal=LTDC_B6
PB9.GPIOParameters=GPIO_Speed
PB9.GPIO_Speed=GPIO_SPEED_FREQ_VERY_HIGH
PB9.Mode=RGB888
PB9.Signal=LTDC_B7
PC0.Signal=FMC_SDNWE
PC14/OSC32_IN.Mode=LSE-External-Oscillator
PC14/OSC32_IN.Signal=RCC_OSC32_IN
PC15/OSC32_OUT.Mode=LSE-External-Oscillator
PC15/OSC32_OUT.Signal=RCC_OSC32_OUT
PC7.GPIOParameters=GPIO_Speed
PC7.GPIO_Speed=GPIO_SPEED_FREQ_VERY_HIGH
PC7.Mode=RGB888
PC7.Signal=LTDC_G6
PD0.Signal=FMC_D2_DA2
PD1.Signal=FMC_D3_DA3
PD10.Signal=FMC_D15_DA15
PD14.Signal=FMC_D0_DA0
PD15.Signal=FMC_D1_DA1
PD6.GPIOParameters=GPIO_Speed
PD6.GPIO_Speed=GPIO_SPEED_FREQ_VERY_HIGH
PD6.Mode=RGB888
PD6.Signal=LTDC_B2
PD7.GPIOParameters=GPIO_Speed,GPIO_PuPd,GPIO_Label
PD7.GPIO_Label=LTDC_BL
PD7.GPIO_PuPd=GPIO_PULLUP
PD7.GPIO_Speed=GPIO_SPEED_FREQ_MEDIUM
PD7.Locked=true
PD7.Signal=GPIO_Output
PD8.Signal=FMC_D13_DA13
PD9.Signal=FMC_D14_DA14
PE0.Signal=FMC_NBL0
PE1.Signal=FMC_NBL1
PE10.Signal=FMC_D7_DA7
PE11.Signal=FMC_D8_DA8
PE12.Signal=FMC_D9_DA9
PE13.Signal=FMC_D10_DA10
PE14.Signal=FMC_D11_DA11
PE15.Signal=FMC_D12_DA12
PE4.GPIOParameters=GPIO_Speed
PE4.GPIO_Speed=GPIO_SPEED_FREQ_VERY_HIGH
PE4.Mode=RGB888
PE4.Signal=LTDC_B0
PE5.GPIOParameters=GPIO_Speed
PE5.GPIO_Speed=GPIO_SPEED_FREQ_VERY_HIGH
PE5.Mode=RGB888
PE5.Signal=LTDC_G0
PE6.GPIOParameters=GPIO_Speed
PE6.GPIO_Speed=GPIO_SPEED_FREQ_VERY_HIGH
PE6.Mode=RGB888
PE6.Signal=LTDC_G1
PE7.Signal=FMC_D4_DA4
PE8.Signal=FMC_D5_DA5
PE9.Signal=FMC_D6_DA6
PF0.Signal=FMC_A0
PF1.Signal=FMC_A1
PF10.GPIOParameters=GPIO_Speed
PF10.GPIO_Speed=GPIO_SPEED_FREQ_VERY_HIGH
PF10.Mode=RGB888
PF10.Signal=LTDC_DE
PF11.Signal=FMC_SDNRAS
PF12.Signal=FMC_A6
PF13.Signal=FMC_A7
PF14.Signal=FMC_A8
PF15.Signal=FMC_A9
PF2.Signal=FMC_A2
PF3.Signal=FMC_A3
PF4.Signal=FMC_A4
PF5.Signal=FMC_A5
PG0.Signal=FMC_A10
PG1.Signal=FMC_A11
PG11.GPIOParameters=GPIO_Speed
PG11.GPIO_Speed=GPIO_SPEED_FREQ_VERY_HIGH
PG11.Mode=RGB888
PG11.Signal=LTDC_B3
PG12.GPIOParameters=GPIO_Speed
PG12.GPIO_Speed=GPIO_SPEED_FREQ_VERY_HIGH
PG12.Mode=RGB888
PG12.Signal=LTDC_B1
PG15.Signal=FMC_SDNCAS
PG2.Signal=FMC_A12
PG4.Signal=FMC_A14_BA0
PG5.Signal=FMC_A15_BA1
PG6.GPIOParameters=GPIO_Speed
PG6.GPIO_Speed=GPIO_SPEED_FREQ_VERY_HIGH
PG6.Mode=RGB888
PG6.Signal=LTDC_R7
PG7.GPIOParameters=GPIO_Speed
PG7.GPIO_Speed=GPIO_SPEED_FREQ_VERY_HIGH
PG7.Mode=RGB888
PG7.Signal=LTDC_CLK
PG8.Signal=FMC_SDCLK
PH0/OSC_IN.Mode=HSE-External-Oscillator
PH0/OSC_IN.Signal=RCC_OSC_IN
PH1/OSC_OUT.Mode=HSE-External-Oscillator
PH1/OSC_OUT.Signal=RCC_OSC_OUT
PH10.GPIOParameters=GPIO_Speed
PH10.GPIO_Speed=GPIO_SPEED_FREQ_VERY_HIGH
PH10.Mode=RGB888
PH10.Signal=LTDC_R4
PH11.GPIOParameters=GPIO_Speed
PH11.GPIO_Speed=GPIO_SPEED_FREQ_VERY_HIGH
PH11.Mode=RGB888
PH11.Signal=LTDC_R5
PH14.GPIOParameters=GPIO_Speed
PH14.GPIO_Speed=GPIO_SPEED_FREQ_VERY_HIGH
PH14.Mode=RGB888
PH14.Signal=LTDC_G3
PH2.GPIOParameters=GPIO_Speed
PH2.GPIO_Speed=GPIO_SPEED_FREQ_VERY_HIGH
PH2.Mode=RGB888
PH2.Signal=LTDC_R0
PH3.GPIOParameters=GPIO_Speed
PH3.GPIO_Speed=GPIO_SPEED_FREQ_VERY_HIGH
PH3.Mode=RGB888
PH3.Signal=LTDC_R1
PH6.Mode=SdramChipSelect2_1
PH6.Signal=FMC_SDNE1
PH7.Mode=SdramChipSelect2_1
PH7.Signal=FMC_SDCKE1
PH8.GPIOParameters=GPIO_Speed
PH8.GPIO_Speed=GPIO_SPEED_FREQ_VERY_HIGH
PH8.Mode=RGB888
PH8.Signal=LTDC_R2
PI10.GPIOParameters=GPIO_Speed
PI10.GPIO_Speed=GPIO_SPEED_FREQ_VERY_HIGH
PI10.Mode=RGB888
PI10.Signal=LTDC_HSYNC
PI2.GPIOParameters=GPIO_Speed
PI2.GPIO_Speed=GPIO_SPEED_FREQ_VERY_HIGH
PI2.Mode=RGB888
PI2.Signal=LTDC_G7
PI4.GPIOParameters=GPIO_Speed
PI4.GPIO_Speed=GPIO_SPEED_FREQ_VERY_HIGH
PI4.Mode=RGB888
PI4.Signal=LTDC_B4
PI9.GPIOParameters=GPIO_Speed
PI9.GPIO_Speed=GPIO_SPEED_FREQ_VERY_HIGH
PI9.Mode=RGB888
PI9.Signal=LTDC_VSYNC
PinOutPanel.RotationAngle=0
ProjectManager.AskForMigrate=true
ProjectManager.BackupPrevious=false
ProjectManager.CompilerOptimize=6
ProjectManager.ComputerToolchain=false
ProjectManager.CoupleFile=false
ProjectManager.CustomerFirmwarePackage=
ProjectManager.DefaultFWLocation=true
ProjectManager.DeletePrevious=true
ProjectManager.DeviceId=STM32F429IGTx
ProjectManager.FirmwarePackage=STM32Cube FW_F4 V1.26.1
ProjectManager.FreePins=false
ProjectManager.HalAssertFull=false
ProjectManager.HeapSize=0x2000
ProjectManager.KeepUserCode=true
ProjectManager.LastFirmware=true
ProjectManager.LibraryCopy=0
ProjectManager.MainLocation=Core/Src
ProjectManager.NoMain=false
ProjectManager.PreviousToolchain=
ProjectManager.ProjectBuild=false
ProjectManager.ProjectFileName=FreeRTOS_lvgl_8.ioc
ProjectManager.ProjectName=FreeRTOS_lvgl_8
ProjectManager.RegisterCallBack=
ProjectManager.StackSize=0x4000
ProjectManager.TargetToolchain=MDK-ARM V5.32
ProjectManager.ToolChainLocation=
ProjectManager.UnderRoot=false
ProjectManager.functionlistsort=1-MX_GPIO_Init-GPIO-false-HAL-true,2-SystemClock_Config-RCC-false-HAL-false,3-MX_DMA2D_Init-DMA2D-false-HAL-true,4-MX_FMC_Init-FMC-false-HAL-true,5-MX_LTDC_Init-LTDC-false-HAL-true,6-MX_USART1_UART_Init-USART1-false-HAL-true
RCC.48MHZClocksFreq_Value=90000000
RCC.AHBFreq_Value=180000000
RCC.APB1CLKDivider=RCC_HCLK_DIV4
RCC.APB1Freq_Value=45000000
RCC.APB1TimFreq_Value=90000000
RCC.APB2CLKDivider=RCC_HCLK_DIV2
RCC.APB2Freq_Value=90000000
RCC.APB2TimFreq_Value=180000000
RCC.CortexFreq_Value=180000000
RCC.EnbaleCSS=true
RCC.EthernetFreq_Value=180000000
RCC.FCLKCortexFreq_Value=180000000
RCC.FamilyName=M
RCC.HCLKFreq_Value=180000000
RCC.HSE_VALUE=25000000
RCC.HSI_VALUE=16000000
RCC.I2SClocksFreq_Value=96000000
RCC.IPParameters=48MHZClocksFreq_Value,AHBFreq_Value,APB1CLKDivider,APB1Freq_Value,APB1TimFreq_Value,APB2CLKDivider,APB2Freq_Value,APB2TimFreq_Value,CortexFreq_Value,EnbaleCSS,EthernetFreq_Value,FCLKCortexFreq_Value,FamilyName,HCLKFreq_Value,HSE_VALUE,HSI_VALUE,I2SClocksFreq_Value,LCDTFTFreq_Value,LSI_VALUE,MCO2PinFreq_Value,PLLCLKFreq_Value,PLLM,PLLN,PLLQCLKFreq_Value,PLLSAIDivR,PLLSAIN,PLLSourceVirtual,PWREXT_OverDrive,PWR_Regulator_Voltage_Scale,RTCFreq_Value,RTCHSEDivFreq_Value,SAI_AClocksFreq_Value,SAI_BClocksFreq_Value,SYSCLKFreq_VALUE,SYSCLKSource,VCOI2SOutputFreq_Value,VCOInputFreq_Value,VCOOutputFreq_Value,VCOSAIOutputFreq_Value,VCOSAIOutputFreq_ValueQ,VCOSAIOutputFreq_ValueR,VcooutputI2S,VcooutputI2SQ
RCC.LCDTFTFreq_Value=22500000
RCC.LSI_VALUE=32000
RCC.MCO2PinFreq_Value=180000000
RCC.PLLCLKFreq_Value=180000000
RCC.PLLM=25
RCC.PLLN=360
RCC.PLLQCLKFreq_Value=90000000
RCC.PLLSAIDivR=RCC_PLLSAIDIVR_4
RCC.PLLSAIN=180
RCC.PLLSourceVirtual=RCC_PLLSOURCE_HSE
RCC.PWREXT_OverDrive=PWREXT_OverDrive_ACTIVATED
RCC.PWR_Regulator_Voltage_Scale=PWR_REGULATOR_VOLTAGE_SCALE1
RCC.RTCFreq_Value=32000
RCC.RTCHSEDivFreq_Value=12500000
RCC.SAI_AClocksFreq_Value=45000000
RCC.SAI_BClocksFreq_Value=45000000
RCC.SYSCLKFreq_VALUE=180000000
RCC.SYSCLKSource=RCC_SYSCLKSOURCE_PLLCLK
RCC.VCOI2SOutputFreq_Value=192000000
RCC.VCOInputFreq_Value=1000000
RCC.VCOOutputFreq_Value=360000000
RCC.VCOSAIOutputFreq_Value=180000000
RCC.VCOSAIOutputFreq_ValueQ=45000000
RCC.VCOSAIOutputFreq_ValueR=90000000
RCC.VcooutputI2S=96000000
RCC.VcooutputI2SQ=96000000
SH.FMC_A0.0=FMC_A0,13b-sda1
SH.FMC_A0.ConfNb=1
SH.FMC_A1.0=FMC_A1,13b-sda1
SH.FMC_A1.ConfNb=1
SH.FMC_A10.0=FMC_A10,13b-sda1
SH.FMC_A10.ConfNb=1
SH.FMC_A11.0=FMC_A11,13b-sda1
SH.FMC_A11.ConfNb=1
SH.FMC_A12.0=FMC_A12,13b-sda1
SH.FMC_A12.ConfNb=1
SH.FMC_A14_BA0.0=FMC_BA0,FourSdramBanks1
SH.FMC_A14_BA0.ConfNb=1
SH.FMC_A15_BA1.0=FMC_BA1,FourSdramBanks1
SH.FMC_A15_BA1.ConfNb=1
SH.FMC_A2.0=FMC_A2,13b-sda1
SH.FMC_A2.ConfNb=1
SH.FMC_A3.0=FMC_A3,13b-sda1
SH.FMC_A3.ConfNb=1
SH.FMC_A4.0=FMC_A4,13b-sda1
SH.FMC_A4.ConfNb=1
SH.FMC_A5.0=FMC_A5,13b-sda1
SH.FMC_A5.ConfNb=1
SH.FMC_A6.0=FMC_A6,13b-sda1
SH.FMC_A6.ConfNb=1
SH.FMC_A7.0=FMC_A7,13b-sda1
SH.FMC_A7.ConfNb=1
SH.FMC_A8.0=FMC_A8,13b-sda1
SH.FMC_A8.ConfNb=1
SH.FMC_A9.0=FMC_A9,13b-sda1
SH.FMC_A9.ConfNb=1
SH.FMC_D0_DA0.0=FMC_D0,sd-16b-d1
SH.FMC_D0_DA0.ConfNb=1
SH.FMC_D10_DA10.0=FMC_D10,sd-16b-d1
SH.FMC_D10_DA10.ConfNb=1
SH.FMC_D11_DA11.0=FMC_D11,sd-16b-d1
SH.FMC_D11_DA11.ConfNb=1
SH.FMC_D12_DA12.0=FMC_D12,sd-16b-d1
SH.FMC_D12_DA12.ConfNb=1
SH.FMC_D13_DA13.0=FMC_D13,sd-16b-d1
SH.FMC_D13_DA13.ConfNb=1
SH.FMC_D14_DA14.0=FMC_D14,sd-16b-d1
SH.FMC_D14_DA14.ConfNb=1
SH.FMC_D15_DA15.0=FMC_D15,sd-16b-d1
SH.FMC_D15_DA15.ConfNb=1
SH.FMC_D1_DA1.0=FMC_D1,sd-16b-d1
SH.FMC_D1_DA1.ConfNb=1
SH.FMC_D2_DA2.0=FMC_D2,sd-16b-d1
SH.FMC_D2_DA2.ConfNb=1
SH.FMC_D3_DA3.0=FMC_D3,sd-16b-d1
SH.FMC_D3_DA3.ConfNb=1
SH.FMC_D4_DA4.0=FMC_D4,sd-16b-d1
SH.FMC_D4_DA4.ConfNb=1
SH.FMC_D5_DA5.0=FMC_D5,sd-16b-d1
SH.FMC_D5_DA5.ConfNb=1
SH.FMC_D6_DA6.0=FMC_D6,sd-16b-d1
SH.FMC_D6_DA6.ConfNb=1
SH.FMC_D7_DA7.0=FMC_D7,sd-16b-d1
SH.FMC_D7_DA7.ConfNb=1
SH.FMC_D8_DA8.0=FMC_D8,sd-16b-d1
SH.FMC_D8_DA8.ConfNb=1
SH.FMC_D9_DA9.0=FMC_D9,sd-16b-d1
SH.FMC_D9_DA9.ConfNb=1
SH.FMC_NBL0.0=FMC_NBL0,Sd2ByteEnable1
SH.FMC_NBL0.ConfNb=1
SH.FMC_NBL1.0=FMC_NBL1,Sd2ByteEnable1
SH.FMC_NBL1.ConfNb=1
SH.FMC_SDCLK.0=FMC_SDCLK,13b-sda1
SH.FMC_SDCLK.ConfNb=1
SH.FMC_SDNCAS.0=FMC_SDNCAS,13b-sda1
SH.FMC_SDNCAS.ConfNb=1
SH.FMC_SDNRAS.0=FMC_SDNRAS,13b-sda1
SH.FMC_SDNRAS.ConfNb=1
SH.FMC_SDNWE.0=FMC_SDNWE,13b-sda1
SH.FMC_SDNWE.ConfNb=1
USART1.IPParameters=VirtualMode
USART1.VirtualMode=VM_ASYNC
VP_DMA2D_VS_DMA2D.Mode=DMA2D_Activate
VP_DMA2D_VS_DMA2D.Signal=DMA2D_VS_DMA2D
VP_FREERTOS_VS_CMSIS_V2.Mode=CMSIS_V2
VP_FREERTOS_VS_CMSIS_V2.Signal=FREERTOS_VS_CMSIS_V2
VP_SYS_VS_tim2.Mode=TIM2
VP_SYS_VS_tim2.Signal=SYS_VS_tim2
board=custom
